<?xml version="1.0" encoding="utf-8"?>
<Project ToolsVersion="4.0" xmlns="http://schemas.microsoft.com/developer/msbuild/2003">
  <ItemGroup>
    <Filter Include="Shaders">
      <UniqueIdentifier>{EFAC8DF2-5B8C-0C8E-64A4-9764D00273EF}</UniqueIdentifier>
    </Filter>
  </ItemGroup>
  <ItemGroup>
    <ClCompile Include="src\HelloTriangle.cpp" />
  </ItemGroup>
  <ItemGroup>
    <None Include="src\Shaders\hello_triangle.frag">
      <Filter>Shaders</Filter>
    </None>
    <None Include="src\Shaders\hello_triangle.vert">
      <Filter>Shaders</Filter>
    </None>
  </ItemGroup>
</Project>